
Microsoft Visual Studio Solution File, Format Version 12.00
# Visual Studio Version 16
VisualStudioVersion = 16.0.29123.88
MinimumVisualStudioVersion = 10.0.40219.1
Project("{FAE04EC0-301F-11D3-BF4B-00C04F79EFBC}") = "mfa", "mfa.csproj", "{A4A271A4-B239-4453-BEA8-C2ACA84F5639}"
EndProject
Global
	GlobalSection(SolutionConfigurationPlatforms) = preSolution
		Debug|Any CPU = Debug|Any CPU
		Release|Any CPU = Release|Any CPU
	EndGlobalSection
	GlobalSection(ProjectConfigurationPlatforms) = postSolution
		{A4A271A4-B239-4453-BEA8-C2ACA84F5639}.Debug|Any CPU.ActiveCfg = Debug|Any CPU
		{A4A271A4-B239-4453-BEA8-C2ACA84F5639}.Debug|Any CPU.Build.0 = Debug|Any CPU
		{A4A271A4-B239-4453-BEA8-C2ACA84F5639}.Release|Any CPU.ActiveCfg = Release|Any CPU
		{A4A271A4-B239-4453-BEA8-C2ACA84F5639}.Release|Any CPU.Build.0 = Release|Any CPU
	EndGlobalSection
	GlobalSection(SolutionProperties) = preSolution
		HideSolutionNode = FALSE
	EndGlobalSection
	GlobalSection(ExtensibilityGlobals) = postSolution
		SolutionGuid = {9F185052-73E5-435B-880A-218554F880B4}
	EndGlobalSection
EndGlobal
